{
  "nodes": {
    "nixpkgs": {
      "locked": {
        "lastModified": 1736167739,
        "narHash": "sha256-vL6dGj+0w+l1cK4duEokolgmx4Hu3O1TPjpD6Dfd7oY=",
        "owner": "nixos",
        "repo": "nixpkgs",
        "rev": "bd27be8c9381a66288504d5266db495de571d7bf",
        "type": "github"
      },
      "original": {
        "owner": "nixos",
        "ref": "nixos-24.11-small",
        "repo": "nixpkgs",
        "type": "github"
      }
    },
    "nixpkgs_2": {
      "locked": {
        "lastModified": 1738255539,
        "narHash": "sha256-hP2eOqhIO/OILW+3moNWO4GtdJFYCqAe9yJZgvlCoDQ=",
        "owner": "nixos",
        "repo": "nixpkgs",
        "rev": "c3511a3b53b482aa7547c9d1626fd7310c1de1c5",
        "type": "github"
      },
      "original": {
        "owner": "nixos",
        "ref": "nixos-24.11-small",
        "repo": "nixpkgs",
        "type": "github"
      }
    },
    "root": {
      "inputs": {
        "nixpkgs": "nixpkgs",
        "utilities": "utilities"
      }
    },
    "utilities": {
      "inputs": {
        "nixpkgs": "nixpkgs_2"
      },
      "locked": {
        "lastModified": 1738309476,
        "narHash": "sha256-vajFnb6aBHp03n2EqSRwZtFybGLDmOeMTXpH37ZA9E8=",
        "owner": "master-software-gmbh",
        "repo": "nixos-utilities",
        "rev": "6afd5e042859739713bca1e7ea24680243df1320",
        "type": "github"
      },
      "original": {
        "owner": "master-software-gmbh",
        "repo": "nixos-utilities",
        "type": "github"
      }
    }
  },
  "root": "root",
  "version": 7
}
